
Microsoft Visual Studio Solution File, Format Version 12.00
# Visual Studio Version 17
VisualStudioVersion = 17.8.34408.163
MinimumVisualStudioVersion = 10.0.40219.1
Project("{9A19103F-16F7-4668-BE54-9A1E7A4F7556}") = "ManageSystemMovie", "ManageSystemMovie\ManageSystemMovie.csproj", "{DBD24294-BA97-4AD4-A207-018F9F394AB3}"
EndProject
Project("{9A19103F-16F7-4668-BE54-9A1E7A4F7556}") = "ManageSystemMovie.Application", "ManageSystemMovie.Application\ManageSystemMovie.Application.csproj", "{0EE0BE03-CE11-4761-9420-D30B40D51534}"
EndProject
Project("{9A19103F-16F7-4668-BE54-9A1E7A4F7556}") = "ManageSystemMovie.Domain", "ManageSystemMovie.Domain\ManageSystemMovie.Domain.csproj", "{8C90E0B4-7E44-4DCD-AB6D-7A48483C7B36}"
EndProject
Project("{9A19103F-16F7-4668-BE54-9A1E7A4F7556}") = "ManageSystemMovie.Repository", "ManageSystemMovie.Repository\ManageSystemMovie.Repository.csproj", "{68B66DFE-4F49-42A9-A2A0-5984C523F077}"
EndProject
Project("{9A19103F-16F7-4668-BE54-9A1E7A4F7556}") = "ManageSystemMovie.Shared", "ManageSystemMovie.Shared\ManageSystemMovie.Shared.csproj", "{2D206029-82E0-4B0A-B6FB-F5D6E1159591}"
EndProject
Project("{FAE04EC0-301F-11D3-BF4B-00C04F79EFBC}") = "ManageSystemMovie.Test", "ManageSystemMovie.Test\ManageSystemMovie.Test.csproj", "{AC099CDB-DDDA-4061-9FC1-C48E5ED042C3}"
	ProjectSection(ProjectDependencies) = postProject
		{0EE0BE03-CE11-4761-9420-D30B40D51534} = {0EE0BE03-CE11-4761-9420-D30B40D51534}
		{68B66DFE-4F49-42A9-A2A0-5984C523F077} = {68B66DFE-4F49-42A9-A2A0-5984C523F077}
	EndProjectSection
EndProject
Global
	GlobalSection(SolutionConfigurationPlatforms) = preSolution
		Debug|Any CPU = Debug|Any CPU
		Release|Any CPU = Release|Any CPU
	EndGlobalSection
	GlobalSection(ProjectConfigurationPlatforms) = postSolution
		{DBD24294-BA97-4AD4-A207-018F9F394AB3}.Debug|Any CPU.ActiveCfg = Debug|Any CPU
		{DBD24294-BA97-4AD4-A207-018F9F394AB3}.Debug|Any CPU.Build.0 = Debug|Any CPU
		{DBD24294-BA97-4AD4-A207-018F9F394AB3}.Release|Any CPU.ActiveCfg = Release|Any CPU
		{DBD24294-BA97-4AD4-A207-018F9F394AB3}.Release|Any CPU.Build.0 = Release|Any CPU
		{0EE0BE03-CE11-4761-9420-D30B40D51534}.Debug|Any CPU.ActiveCfg = Debug|Any CPU
		{0EE0BE03-CE11-4761-9420-D30B40D51534}.Debug|Any CPU.Build.0 = Debug|Any CPU
		{0EE0BE03-CE11-4761-9420-D30B40D51534}.Release|Any CPU.ActiveCfg = Release|Any CPU
		{0EE0BE03-CE11-4761-9420-D30B40D51534}.Release|Any CPU.Build.0 = Release|Any CPU
		{8C90E0B4-7E44-4DCD-AB6D-7A48483C7B36}.Debug|Any CPU.ActiveCfg = Debug|Any CPU
		{8C90E0B4-7E44-4DCD-AB6D-7A48483C7B36}.Debug|Any CPU.Build.0 = Debug|Any CPU
		{8C90E0B4-7E44-4DCD-AB6D-7A48483C7B36}.Release|Any CPU.ActiveCfg = Release|Any CPU
		{8C90E0B4-7E44-4DCD-AB6D-7A48483C7B36}.Release|Any CPU.Build.0 = Release|Any CPU
		{68B66DFE-4F49-42A9-A2A0-5984C523F077}.Debug|Any CPU.ActiveCfg = Debug|Any CPU
		{68B66DFE-4F49-42A9-A2A0-5984C523F077}.Debug|Any CPU.Build.0 = Debug|Any CPU
		{68B66DFE-4F49-42A9-A2A0-5984C523F077}.Release|Any CPU.ActiveCfg = Release|Any CPU
		{68B66DFE-4F49-42A9-A2A0-5984C523F077}.Release|Any CPU.Build.0 = Release|Any CPU
		{2D206029-82E0-4B0A-B6FB-F5D6E1159591}.Debug|Any CPU.ActiveCfg = Debug|Any CPU
		{2D206029-82E0-4B0A-B6FB-F5D6E1159591}.Debug|Any CPU.Build.0 = Debug|Any CPU
		{2D206029-82E0-4B0A-B6FB-F5D6E1159591}.Release|Any CPU.ActiveCfg = Release|Any CPU
		{2D206029-82E0-4B0A-B6FB-F5D6E1159591}.Release|Any CPU.Build.0 = Release|Any CPU
		{AC099CDB-DDDA-4061-9FC1-C48E5ED042C3}.Debug|Any CPU.ActiveCfg = Debug|Any CPU
		{AC099CDB-DDDA-4061-9FC1-C48E5ED042C3}.Debug|Any CPU.Build.0 = Debug|Any CPU
		{AC099CDB-DDDA-4061-9FC1-C48E5ED042C3}.Release|Any CPU.ActiveCfg = Release|Any CPU
		{AC099CDB-DDDA-4061-9FC1-C48E5ED042C3}.Release|Any CPU.Build.0 = Release|Any CPU
	EndGlobalSection
	GlobalSection(SolutionProperties) = preSolution
		HideSolutionNode = FALSE
	EndGlobalSection
	GlobalSection(ExtensibilityGlobals) = postSolution
		SolutionGuid = {EDA0CF0F-C306-4241-94C8-51D3BF91E1F5}
	EndGlobalSection
EndGlobal
